
Microsoft Visual Studio Solution File, Format Version 12.00
# Visual Studio Version 17
VisualStudioVersion = 17.5.002.0
MinimumVisualStudioVersion = 10.0.40219.1
Project("{9A19103F-16F7-4668-BE54-9A1E7A4F7556}") = "test", "test.csproj", "{49DFEC7F-5EAD-4737-A087-3F05511CACCE}"
EndProject
Global
	GlobalSection(SolutionConfigurationPlatforms) = preSolution
		Debug|Any CPU = Debug|Any CPU
		Release|Any CPU = Release|Any CPU
	EndGlobalSection
	GlobalSection(ProjectConfigurationPlatforms) = postSolution
		{49DFEC7F-5EAD-4737-A087-3F05511CACCE}.Debug|Any CPU.ActiveCfg = Debug|Any CPU
		{49DFEC7F-5EAD-4737-A087-3F05511CACCE}.Debug|Any CPU.Build.0 = Debug|Any CPU
		{49DFEC7F-5EAD-4737-A087-3F05511CACCE}.Release|Any CPU.ActiveCfg = Release|Any CPU
		{49DFEC7F-5EAD-4737-A087-3F05511CACCE}.Release|Any CPU.Build.0 = Release|Any CPU
	EndGlobalSection
	GlobalSection(SolutionProperties) = preSolution
		HideSolutionNode = FALSE
	EndGlobalSection
	GlobalSection(ExtensibilityGlobals) = postSolution
		SolutionGuid = {4DA32F0A-CFE6-49E2-BB15-CB1DC268332B}
	EndGlobalSection
EndGlobal
